
Microsoft Visual Studio Solution File, Format Version 12.00
# Visual Studio Version 17
VisualStudioVersion = 17.11.35312.102
MinimumVisualStudioVersion = 10.0.40219.1
Project("{9A19103F-16F7-4668-BE54-9A1E7A4F7556}") = "Poketcher", "Poketcher\Poketcher.csproj", "{3D1CCDB9-467B-4198-B8E7-B7F8EF450789}"
	ProjectSection(ProjectDependencies) = postProject
		{957787BC-F3A9-43D3-8F79-E107DF95898E} = {957787BC-F3A9-43D3-8F79-E107DF95898E}
	EndProjectSection
EndProject
Project("{9A19103F-16F7-4668-BE54-9A1E7A4F7556}") = "Poketcher.navigation", "Poketcher.navigation\Poketcher.navigation.csproj", "{957787BC-F3A9-43D3-8F79-E107DF95898E}"
EndProject
Global
	GlobalSection(SolutionConfigurationPlatforms) = preSolution
		Debug|Any CPU = Debug|Any CPU
		Release|Any CPU = Release|Any CPU
	EndGlobalSection
	GlobalSection(ProjectConfigurationPlatforms) = postSolution
		{3D1CCDB9-467B-4198-B8E7-B7F8EF450789}.Debug|Any CPU.ActiveCfg = Debug|Any CPU
		{3D1CCDB9-467B-4198-B8E7-B7F8EF450789}.Debug|Any CPU.Build.0 = Debug|Any CPU
		{3D1CCDB9-467B-4198-B8E7-B7F8EF450789}.Debug|Any CPU.Deploy.0 = Debug|Any CPU
		{3D1CCDB9-467B-4198-B8E7-B7F8EF450789}.Release|Any CPU.ActiveCfg = Release|Any CPU
		{3D1CCDB9-467B-4198-B8E7-B7F8EF450789}.Release|Any CPU.Build.0 = Release|Any CPU
		{3D1CCDB9-467B-4198-B8E7-B7F8EF450789}.Release|Any CPU.Deploy.0 = Release|Any CPU
		{957787BC-F3A9-43D3-8F79-E107DF95898E}.Debug|Any CPU.ActiveCfg = Debug|Any CPU
		{957787BC-F3A9-43D3-8F79-E107DF95898E}.Debug|Any CPU.Build.0 = Debug|Any CPU
		{957787BC-F3A9-43D3-8F79-E107DF95898E}.Release|Any CPU.ActiveCfg = Release|Any CPU
		{957787BC-F3A9-43D3-8F79-E107DF95898E}.Release|Any CPU.Build.0 = Release|Any CPU
	EndGlobalSection
	GlobalSection(SolutionProperties) = preSolution
		HideSolutionNode = FALSE
	EndGlobalSection
	GlobalSection(ExtensibilityGlobals) = postSolution
		SolutionGuid = {37F3993A-FC5A-4DC1-8E0B-F4BBA564440E}
	EndGlobalSection
EndGlobal
